
Microsoft Visual Studio Solution File, Format Version 12.00
# Visual Studio Version 16
VisualStudioVersion = 16.0.31702.278
MinimumVisualStudioVersion = 10.0.40219.1
Project("{FAE04EC0-301F-11D3-BF4B-00C04F79EFBC}") = "Login", "Login\Login.csproj", "{C4BFF240-380D-4F55-BE2A-1847A35EDCED}"
EndProject
Global
	GlobalSection(SolutionConfigurationPlatforms) = preSolution
		Debug|Any CPU = Debug|Any CPU
		Release|Any CPU = Release|Any CPU
	EndGlobalSection
	GlobalSection(ProjectConfigurationPlatforms) = postSolution
		{C4BFF240-380D-4F55-BE2A-1847A35EDCED}.Debug|Any CPU.ActiveCfg = Debug|Any CPU
		{C4BFF240-380D-4F55-BE2A-1847A35EDCED}.Debug|Any CPU.Build.0 = Debug|Any CPU
		{C4BFF240-380D-4F55-BE2A-1847A35EDCED}.Release|Any CPU.ActiveCfg = Release|Any CPU
		{C4BFF240-380D-4F55-BE2A-1847A35EDCED}.Release|Any CPU.Build.0 = Release|Any CPU
	EndGlobalSection
	GlobalSection(SolutionProperties) = preSolution
		HideSolutionNode = FALSE
	EndGlobalSection
	GlobalSection(ExtensibilityGlobals) = postSolution
		SolutionGuid = {4C3D244A-FC28-4BF1-B91E-7BF13E6B42D1}
	EndGlobalSection
EndGlobal
